
Microsoft Visual Studio Solution File, Format Version 12.00
# Visual Studio Version 17
VisualStudioVersion = 17.0.31919.166
MinimumVisualStudioVersion = 10.0.40219.1
Project("{FAE04EC0-301F-11D3-BF4B-00C04F79EFBC}") = "MethodExcercise", "MethodExcercise\MethodExcercise.csproj", "{26C697BF-5DC9-4FC3-802C-F0D70E3AAF7B}"
EndProject
Global
	GlobalSection(SolutionConfigurationPlatforms) = preSolution
		Debug|Any CPU = Debug|Any CPU
		Release|Any CPU = Release|Any CPU
	EndGlobalSection
	GlobalSection(ProjectConfigurationPlatforms) = postSolution
		{26C697BF-5DC9-4FC3-802C-F0D70E3AAF7B}.Debug|Any CPU.ActiveCfg = Debug|Any CPU
		{26C697BF-5DC9-4FC3-802C-F0D70E3AAF7B}.Debug|Any CPU.Build.0 = Debug|Any CPU
		{26C697BF-5DC9-4FC3-802C-F0D70E3AAF7B}.Release|Any CPU.ActiveCfg = Release|Any CPU
		{26C697BF-5DC9-4FC3-802C-F0D70E3AAF7B}.Release|Any CPU.Build.0 = Release|Any CPU
	EndGlobalSection
	GlobalSection(SolutionProperties) = preSolution
		HideSolutionNode = FALSE
	EndGlobalSection
	GlobalSection(ExtensibilityGlobals) = postSolution
		SolutionGuid = {F51FDC6A-62B4-487F-AF55-43F32655F3BE}
	EndGlobalSection
EndGlobal
